
Microsoft Visual Studio Solution File, Format Version 12.00
# Visual Studio Version 17
VisualStudioVersion = 17.14.36414.22 d17.14
MinimumVisualStudioVersion = 10.0.40219.1
Project("{FAE04EC0-301F-11D3-BF4B-00C04F79EFBC}") = "Group8.LabEms.Api", "Group8.LabEms.Api\Group8.LabEms.Api.csproj", "{A367EE82-49A6-4EB8-B6DB-7DA01CF50841}"
EndProject
Global
	GlobalSection(SolutionConfigurationPlatforms) = preSolution
		Debug|Any CPU = Debug|Any CPU
		Release|Any CPU = Release|Any CPU
	EndGlobalSection
	GlobalSection(ProjectConfigurationPlatforms) = postSolution
		{A367EE82-49A6-4EB8-B6DB-7DA01CF50841}.Debug|Any CPU.ActiveCfg = Debug|Any CPU
		{A367EE82-49A6-4EB8-B6DB-7DA01CF50841}.Debug|Any CPU.Build.0 = Debug|Any CPU
		{A367EE82-49A6-4EB8-B6DB-7DA01CF50841}.Release|Any CPU.ActiveCfg = Release|Any CPU
		{A367EE82-49A6-4EB8-B6DB-7DA01CF50841}.Release|Any CPU.Build.0 = Release|Any CPU
	EndGlobalSection
	GlobalSection(SolutionProperties) = preSolution
		HideSolutionNode = FALSE
	EndGlobalSection
	GlobalSection(ExtensibilityGlobals) = postSolution
		SolutionGuid = {25657A4F-00C3-4770-8E50-46FD6DABD875}
	EndGlobalSection
EndGlobal
